
Microsoft Visual Studio Solution File, Format Version 12.00
# Visual Studio Version 17
VisualStudioVersion = 17.2.32602.215
MinimumVisualStudioVersion = 10.0.40219.1
Project("{FAE04EC0-301F-11D3-BF4B-00C04F79EFBC}") = "AdvancedDesignSystems", "AdvancedDesignSystems\AdvancedDesignSystems.csproj", "{CE7EEF00-A4BE-47C0-8614-F4E5EE17D71B}"
EndProject
Global
	GlobalSection(SolutionConfigurationPlatforms) = preSolution
		Debug|Any CPU = Debug|Any CPU
		Release|Any CPU = Release|Any CPU
	EndGlobalSection
	GlobalSection(ProjectConfigurationPlatforms) = postSolution
		{CE7EEF00-A4BE-47C0-8614-F4E5EE17D71B}.Debug|Any CPU.ActiveCfg = Debug|Any CPU
		{CE7EEF00-A4BE-47C0-8614-F4E5EE17D71B}.Debug|Any CPU.Build.0 = Debug|Any CPU
		{CE7EEF00-A4BE-47C0-8614-F4E5EE17D71B}.Release|Any CPU.ActiveCfg = Release|Any CPU
		{CE7EEF00-A4BE-47C0-8614-F4E5EE17D71B}.Release|Any CPU.Build.0 = Release|Any CPU
	EndGlobalSection
	GlobalSection(SolutionProperties) = preSolution
		HideSolutionNode = FALSE
	EndGlobalSection
	GlobalSection(ExtensibilityGlobals) = postSolution
		SolutionGuid = {29161F11-7982-45CB-92DB-F4C5680C4317}
	EndGlobalSection
EndGlobal
